{
  "version": 4,
  "terraform_version": "1.9.6",
  "serial": 9,
  "lineage": "6387c8fb-9a28-1e82-c7f2-b1eafd4ee9bd",
  "outputs": {
    "cluster_location": {
      "value": "us-west1-a",
      "type": "string"
    },
    "cluster_name": {
      "value": "terraform-cluster",
      "type": "string"
    },
    "node_count": {
      "value": 3,
      "type": "number"
    },
    "service_account": {
      "value": "gkeservices@mike-428601.iam.gserviceaccount.com",
      "type": "string"
    }
  },
  "resources": [
    {
      "mode": "managed",
      "type": "google_container_cluster",
      "name": "primary",
      "provider": "provider[\"registry.terraform.io/hashicorp/google\"]",
      "instances": [
        {
          "schema_version": 2,
          "attributes": {
            "addons_config": [
              {
                "cloudrun_config": [],
                "config_connector_config": [],
                "dns_cache_config": [],
                "gce_persistent_disk_csi_driver_config": [
                  {
                    "enabled": true
                  }
                ],
                "gcp_filestore_csi_driver_config": [],
                "gcs_fuse_csi_driver_config": [],
                "gke_backup_agent_config": [],
                "horizontal_pod_autoscaling": [],
                "http_load_balancing": [],
                "network_policy_config": [
                  {
                    "disabled": true
                  }
                ],
                "ray_operator_config": [],
                "stateful_ha_config": []
              }
            ],
            "allow_net_admin": null,
            "authenticator_groups_config": [],
            "binary_authorization": [
              {
                "enabled": false,
                "evaluation_mode": ""
              }
            ],
            "cluster_autoscaling": [
              {
                "auto_provisioning_defaults": [],
                "auto_provisioning_locations": [],
                "autoscaling_profile": "BALANCED",
                "enabled": false,
                "resource_limits": []
              }
            ],
            "cluster_ipv4_cidr": "10.80.0.0/14",
            "confidential_nodes": [],
            "cost_management_config": [],
            "database_encryption": [
              {
                "key_name": "",
                "state": "DECRYPTED"
              }
            ],
            "datapath_provider": "",
            "default_max_pods_per_node": 110,
            "default_snat_status": [
              {
                "disabled": false
              }
            ],
            "deletion_protection": false,
            "description": "",
            "dns_config": [],
            "effective_labels": {
              "goog-terraform-provisioned": "true"
            },
            "enable_autopilot": false,
            "enable_cilium_clusterwide_network_policy": false,
            "enable_intranode_visibility": false,
            "enable_k8s_beta_apis": [],
            "enable_kubernetes_alpha": false,
            "enable_l4_ilb_subsetting": false,
            "enable_legacy_abac": false,
            "enable_multi_networking": false,
            "enable_shielded_nodes": true,
            "enable_tpu": false,
            "endpoint": "35.199.154.214",
            "fleet": [],
            "gateway_api_config": [],
            "id": "projects/mike-428601/locations/us-west1-a/clusters/terraform-cluster",
            "identity_service_config": [],
            "initial_node_count": 3,
            "ip_allocation_policy": [
              {
                "additional_pod_ranges_config": [],
                "cluster_ipv4_cidr_block": "10.80.0.0/14",
                "cluster_secondary_range_name": "gke-terraform-cluster-pods-6c7b6675",
                "pod_cidr_overprovision_config": [
                  {
                    "disabled": false
                  }
                ],
                "services_ipv4_cidr_block": "34.118.224.0/20",
                "services_secondary_range_name": "",
                "stack_type": "IPV4"
              }
            ],
            "label_fingerprint": "78cdf2f6",
            "location": "us-west1-a",
            "logging_config": [
              {
                "enable_components": [
                  "SYSTEM_COMPONENTS",
                  "WORKLOADS"
                ]
              }
            ],
            "logging_service": "logging.googleapis.com/kubernetes",
            "maintenance_policy": [],
            "master_auth": [
              {
                "client_certificate": "",
                "client_certificate_config": [
                  {
                    "issue_client_certificate": false
                  }
                ],
                "client_key": "",
                "cluster_ca_certificate": "LS0tLS1CRUdJTiBDRVJUSUZJQ0FURS0tLS0tCk1JSUVMVENDQXBXZ0F3SUJBZ0lSQU5lazVSbDdQaTNUdGJVSFd1aXBwOGd3RFFZSktvWklodmNOQVFFTEJRQXcKTHpFdE1Dc0dBMVVFQXhNa1pHTXlOREU0Tm1ZdE5ESmtNeTAwTmpNd0xUZzVNMll0WTJaak9HVTRPVFkwTlRCbQpNQ0FYRFRJME1Ea3lOakV3TWpZd01Wb1lEekl3TlRRd09URTVNVEV5TmpBeFdqQXZNUzB3S3dZRFZRUURFeVJrCll6STBNVGcyWmkwME1tUXpMVFEyTXpBdE9Ea3paaTFqWm1NNFpUZzVOalExTUdZd2dnR2lNQTBHQ1NxR1NJYjMKRFFFQkFRVUFBNElCandBd2dnR0tBb0lCZ1FESFc0dkQveW0ra2JDaFBmYThpUWxKQldzMDNRVzEwYklRMzRneApnWHdPNEZFTFh0dktoWTB0VnhpeHMxYWNuYnBodTIyNFZXZWFRYWdYK2VETTdyejVyY0JlUEthNlpDa0FET1A1CktoTktXMThWR3djZEhMdFVSZUVvMWpka1R2ZkJhZWd2bE1idklVRzBQdXVFbzZ5VHVhK2dpMCt2dWVsODRuSFUKUlBadTZya3BZQm80ZzhVNThqMWp6RmlOV0lpR2FBNFJyaStWWnlOSTZaYk9WaUtvKzZjb2tyVVpkSGd1OTZrYQpSVUh3Skg5SE84V2dHbjlvd2IwdEFzMXZuMXBsdWZhYnN6M29VOHdkeDlwbkVKSFJnR0NrZHZTMkZPaXJKajN3CjNLa2hwZzg0Rm05bFd4RVR5Rm8rNVNaWDFrb0drNm90OEN3QjRkWmtGV0NFZ3NKU01CWW5TNERzZ0FFZG1zaHkKQ3lvUTV3NlQ1VHl3U0lFSC9yaVNxUXlFYUVpN0hRZmRrWlhjYzdPTkhtV0s4VHhUQjd4bnpKV3dNWVE1UzRMdAp6ZTNVNTU2a0QreHB0MjJxSnM4SUhHWHhOa0hhbjBJYWZOVGRlUEtPNkdRSW13ZWdtZzdyY2tvaHIrVWNnZE9rCjVocU85RlA5SGU0Y3BHcC9XcG1TMWllMnFsTUNBd0VBQWFOQ01FQXdEZ1lEVlIwUEFRSC9CQVFEQWdJRU1BOEcKQTFVZEV3RUIvd1FGTUFNQkFmOHdIUVlEVlIwT0JCWUVGR05kVTVYRE9scmNMUzVQUC91aHliMi9lRzNRTUEwRwpDU3FHU0liM0RRRUJDd1VBQTRJQmdRQzJCdGlxQ05CbnhkWC9TSHB1a1JYb20wYmFWNGRqd1JWcUZmMzlUUFU1CjBJQTVIUk1hUndVaDc2M3o3bU93ZzBaK1dReEFzeTNaL0NjVklNU2M0LzhBWTlPZkMxdmdiUDRjT3d6dUJNK0EKMHFzakJmQ3Jwb3VQQUV6R016czNqT1g4Tlp6NUNjdElYVjRCK2JHbmo3THE2dlJWM0RreXJQYWdpWXEyTmN0NQpjOWVBNk43Ym5QaDZoaTg2T1JvY09XSzNvV0NGajRQTkFyTTFNUWxxTWJNbkMxM1JBNHBXL2lnM09YZVpsakhKCmtUQ1I0TElZNW9vZjlwMnE3Q3JnaUo1QnlVR2szN1pwSDE2L0ZNbFFLNmdkUmo2cXpudk1KREptV1RDbjlTR3IKSE1lbGZCbGdPblU2ZTZ3S1VIUGFVOW9jRFphY0pHTEFicnFKTlFEeG5HZVF5c1k3T0VmTGZkc3JRY3c1Yy9QUgpLbktwUXZ6Yk5WaVBmeWZtV2x2SlMwTVZGZDNTTkhSd2hsTWpvU3pUNkdVaEljTmtQRUNkNGV3Tm03dUxQdXR5CkN4cmVsSFd1TS9mZTZxRjVTZ2NTQ0lXRVpwZGpqZStVVjhWQ0F5eGgwZTBHWTAyZXlPS0JwbllBb016NlpkREIKQ2s1a1drMkhXdGNXM3ZVVGVoN2s3OUU9Ci0tLS0tRU5EIENFUlRJRklDQVRFLS0tLS0K"
              }
            ],
            "master_authorized_networks_config": [],
            "master_version": "1.30.3-gke.1969001",
            "mesh_certificates": [],
            "min_master_version": null,
            "monitoring_config": [
              {
                "advanced_datapath_observability_config": [
                  {
                    "enable_metrics": false,
                    "enable_relay": false
                  }
                ],
                "enable_components": [
                  "SYSTEM_COMPONENTS",
                  "STORAGE",
                  "HPA",
                  "POD",
                  "DAEMONSET",
                  "DEPLOYMENT",
                  "STATEFULSET",
                  "CADVISOR",
                  "KUBELET"
                ],
                "managed_prometheus": [
                  {
                    "enabled": true
                  }
                ]
              }
            ],
            "monitoring_service": "monitoring.googleapis.com/kubernetes",
            "name": "terraform-cluster",
            "network": "projects/mike-428601/global/networks/default",
            "network_policy": [
              {
                "enabled": false,
                "provider": "PROVIDER_UNSPECIFIED"
              }
            ],
            "networking_mode": "VPC_NATIVE",
            "node_config": [
              {
                "advanced_machine_features": [],
                "boot_disk_kms_key": "",
                "confidential_nodes": [],
                "containerd_config": [],
                "disk_size_gb": 50,
                "disk_type": "pd-balanced",
                "effective_taints": [],
                "enable_confidential_storage": false,
                "ephemeral_storage_local_ssd_config": [],
                "fast_socket": [],
                "gcfs_config": [],
                "guest_accelerator": [],
                "gvnic": [],
                "host_maintenance_policy": [],
                "image_type": "COS_CONTAINERD",
                "kubelet_config": [],
                "labels": {
                  "foo": "bar"
                },
                "linux_node_config": [],
                "local_nvme_ssd_block_config": [],
                "local_ssd_count": 0,
                "logging_variant": "DEFAULT",
                "machine_type": "e2-medium",
                "metadata": {
                  "disable-legacy-endpoints": "true"
                },
                "min_cpu_platform": "",
                "node_group": "",
                "oauth_scopes": [
                  "https://www.googleapis.com/auth/cloud-platform"
                ],
                "preemptible": false,
                "reservation_affinity": [],
                "resource_labels": null,
                "resource_manager_tags": null,
                "secondary_boot_disks": [],
                "service_account": "gkeservices@mike-428601.iam.gserviceaccount.com",
                "shielded_instance_config": [
                  {
                    "enable_integrity_monitoring": true,
                    "enable_secure_boot": false
                  }
                ],
                "sole_tenant_config": [],
                "spot": false,
                "storage_pools": null,
                "tags": [
                  "foo",
                  "bar"
                ],
                "taint": [],
                "workload_metadata_config": []
              }
            ],
            "node_locations": [],
            "node_pool": [
              {
                "autoscaling": [],
                "initial_node_count": 3,
                "instance_group_urls": [
                  "https://www.googleapis.com/compute/v1/projects/mike-428601/zones/us-west1-a/instanceGroupManagers/gke-terraform-cluster-default-pool-9ec17bf8-grp"
                ],
                "managed_instance_group_urls": [
                  "https://www.googleapis.com/compute/v1/projects/mike-428601/zones/us-west1-a/instanceGroups/gke-terraform-cluster-default-pool-9ec17bf8-grp"
                ],
                "management": [
                  {
                    "auto_repair": true,
                    "auto_upgrade": true
                  }
                ],
                "max_pods_per_node": 110,
                "name": "default-pool",
                "name_prefix": "",
                "network_config": [
                  {
                    "additional_node_network_configs": [],
                    "additional_pod_network_configs": [],
                    "create_pod_range": false,
                    "enable_private_nodes": false,
                    "network_performance_config": [],
                    "pod_cidr_overprovision_config": [],
                    "pod_ipv4_cidr_block": "10.80.0.0/14",
                    "pod_range": "gke-terraform-cluster-pods-6c7b6675"
                  }
                ],
                "node_config": [
                  {
                    "advanced_machine_features": [],
                    "boot_disk_kms_key": "",
                    "confidential_nodes": [],
                    "containerd_config": [],
                    "disk_size_gb": 50,
                    "disk_type": "pd-balanced",
                    "effective_taints": [],
                    "enable_confidential_storage": false,
                    "ephemeral_storage_local_ssd_config": [],
                    "fast_socket": [],
                    "gcfs_config": [],
                    "guest_accelerator": [],
                    "gvnic": [],
                    "host_maintenance_policy": [],
                    "image_type": "COS_CONTAINERD",
                    "kubelet_config": [],
                    "labels": {
                      "foo": "bar"
                    },
                    "linux_node_config": [],
                    "local_nvme_ssd_block_config": [],
                    "local_ssd_count": 0,
                    "logging_variant": "DEFAULT",
                    "machine_type": "e2-medium",
                    "metadata": {
                      "disable-legacy-endpoints": "true"
                    },
                    "min_cpu_platform": "",
                    "node_group": "",
                    "oauth_scopes": [
                      "https://www.googleapis.com/auth/cloud-platform"
                    ],
                    "preemptible": false,
                    "reservation_affinity": [],
                    "resource_labels": {},
                    "resource_manager_tags": {},
                    "secondary_boot_disks": [],
                    "service_account": "gkeservices@mike-428601.iam.gserviceaccount.com",
                    "shielded_instance_config": [
                      {
                        "enable_integrity_monitoring": true,
                        "enable_secure_boot": false
                      }
                    ],
                    "sole_tenant_config": [],
                    "spot": false,
                    "storage_pools": [],
                    "tags": [
                      "foo",
                      "bar"
                    ],
                    "taint": [],
                    "workload_metadata_config": []
                  }
                ],
                "node_count": 3,
                "node_locations": [
                  "us-west1-a"
                ],
                "placement_policy": [],
                "queued_provisioning": [],
                "upgrade_settings": [
                  {
                    "blue_green_settings": [],
                    "max_surge": 1,
                    "max_unavailable": 0,
                    "strategy": "SURGE"
                  }
                ],
                "version": "1.30.3-gke.1969001"
              }
            ],
            "node_pool_auto_config": [],
            "node_pool_defaults": [
              {
                "node_config_defaults": [
                  {
                    "containerd_config": [],
                    "insecure_kubelet_readonly_port_enabled": "FALSE",
                    "logging_variant": "DEFAULT"
                  }
                ]
              }
            ],
            "node_version": "1.30.3-gke.1969001",
            "notification_config": [
              {
                "pubsub": [
                  {
                    "enabled": false,
                    "filter": [],
                    "topic": ""
                  }
                ]
              }
            ],
            "operation": null,
            "private_cluster_config": [
              {
                "enable_private_endpoint": false,
                "enable_private_nodes": false,
                "master_global_access_config": [
                  {
                    "enabled": false
                  }
                ],
                "master_ipv4_cidr_block": "",
                "peering_name": "",
                "private_endpoint": "10.138.0.13",
                "private_endpoint_subnetwork": "",
                "public_endpoint": "35.199.154.214"
              }
            ],
            "private_ipv6_google_access": "",
            "project": "mike-428601",
            "release_channel": [
              {
                "channel": "REGULAR"
              }
            ],
            "remove_default_node_pool": null,
            "resource_labels": null,
            "resource_usage_export_config": [],
            "secret_manager_config": [
              {
                "enabled": false
              }
            ],
            "security_posture_config": [
              {
                "mode": "BASIC",
                "vulnerability_mode": "VULNERABILITY_MODE_UNSPECIFIED"
              }
            ],
            "self_link": "https://container.googleapis.com/v1/projects/mike-428601/zones/us-west1-a/clusters/terraform-cluster",
            "service_external_ips_config": [
              {
                "enabled": false
              }
            ],
            "services_ipv4_cidr": "34.118.224.0/20",
            "subnetwork": "projects/mike-428601/regions/us-west1/subnetworks/default",
            "terraform_labels": {
              "goog-terraform-provisioned": "true"
            },
            "timeouts": {
              "create": "30m",
              "delete": null,
              "read": null,
              "update": "40m"
            },
            "tpu_ipv4_cidr_block": "",
            "vertical_pod_autoscaling": [],
            "workload_identity_config": []
          },
          "sensitive_attributes": [
            [
              {
                "type": "get_attr",
                "value": "master_auth"
              },
              {
                "type": "index",
                "value": {
                  "value": 0,
                  "type": "number"
                }
              },
              {
                "type": "get_attr",
                "value": "client_key"
              }
            ]
          ],
          "private": "eyJlMmJmYjczMC1lY2FhLTExZTYtOGY4OC0zNDM2M2JjN2M0YzAiOnsiY3JlYXRlIjoxODAwMDAwMDAwMDAwLCJkZWxldGUiOjI0MDAwMDAwMDAwMDAsInJlYWQiOjI0MDAwMDAwMDAwMDAsInVwZGF0ZSI6MjQwMDAwMDAwMDAwMH0sInNjaGVtYV92ZXJzaW9uIjoiMiJ9"
        }
      ]
    },
    {
      "mode": "managed",
      "type": "google_project_iam_member",
      "name": "sa-iam",
      "provider": "provider[\"registry.terraform.io/hashicorp/google\"]",
      "instances": [
        {
          "schema_version": 0,
          "attributes": {
            "condition": [],
            "etag": "BwYjBAD8Rto=",
            "id": "mike-428601/roles/container.admin/serviceAccount:gkeservices@mike-428601.iam.gserviceaccount.com",
            "member": "serviceAccount:gkeservices@mike-428601.iam.gserviceaccount.com",
            "project": "mike-428601",
            "role": "roles/container.admin"
          },
          "sensitive_attributes": [],
          "private": "bnVsbA=="
        }
      ]
    }
  ],
  "check_results": null
}
